# THIS IS AN AUTOGENERATED FILE. DO NOT EDIT THIS FILE DIRECTLY.
# yarn lockfile v1


"@nestjs/sequelize@^9.0.2":
  version "9.0.2"
  resolved "https://registry.yarnpkg.com/@nestjs/sequelize/-/sequelize-9.0.2.tgz#8e4bbce852353082423888f4bd7f2f8f6733f72d"
  integrity sha512-swACZqx+7EbjpDxNHUfRhRwm7164Zv1G00TaXV6m87Gzg/WTz56FCnxeis06XnjtQyEV6rbe/DbxWOzk2XuOog==
  dependencies:
    uuid "9.0.0"

uuid@9.0.0:
  version "9.0.0"
  resolved "https://registry.yarnpkg.com/uuid/-/uuid-9.0.0.tgz#592f550650024a38ceb0c562f2f6aa435761efb5"
  integrity sha512-MXcSTerfPa4uqyzStbRoTgt5XIe3x5+42+q1sDuy3R5MDk66URdLMOZe5aPX/SQd+kuYAh0FdP/pO28IkQyTeg==
